
Microsoft Visual Studio Solution File, Format Version 12.00
# Visual Studio Version 16
VisualStudioVersion = 16.0.31702.278
MinimumVisualStudioVersion = 10.0.40219.1
Project("{FAE04EC0-301F-11D3-BF4B-00C04F79EFBC}") = "TrainTravelCoNew", "TrainTravelCoNew\TrainTravelCoNew.csproj", "{788F8DBE-398F-48AD-AC96-824AA141034C}"
EndProject
Global
	GlobalSection(SolutionConfigurationPlatforms) = preSolution
		Debug|Any CPU = Debug|Any CPU
		Release|Any CPU = Release|Any CPU
	EndGlobalSection
	GlobalSection(ProjectConfigurationPlatforms) = postSolution
		{788F8DBE-398F-48AD-AC96-824AA141034C}.Debug|Any CPU.ActiveCfg = Debug|Any CPU
		{788F8DBE-398F-48AD-AC96-824AA141034C}.Debug|Any CPU.Build.0 = Debug|Any CPU
		{788F8DBE-398F-48AD-AC96-824AA141034C}.Release|Any CPU.ActiveCfg = Release|Any CPU
		{788F8DBE-398F-48AD-AC96-824AA141034C}.Release|Any CPU.Build.0 = Release|Any CPU
	EndGlobalSection
	GlobalSection(SolutionProperties) = preSolution
		HideSolutionNode = FALSE
	EndGlobalSection
	GlobalSection(ExtensibilityGlobals) = postSolution
		SolutionGuid = {4C430A46-499E-40A6-9B63-73350A9A0B0A}
	EndGlobalSection
EndGlobal
